Microsoft Visual Studio Solution File, Format Version 11.00
# Visual Studio 2008

Project("{F902FC3F-E887-4CE0-E2FE-31DFE989432F}") = "Mir2", "Assembly-CSharp.csproj", "{96CF30AD-B697-D502-E36A-E23FC028765E}"
EndProject
Global
	GlobalSection(SolutionConfigurationPlatforms) = preSolution
		Debug|Any CPU = Debug|Any CPU
		Release|Any CPU = Release|Any CPU
	EndGlobalSection
	GlobalSection(ProjectConfigurationPlatforms) = postSolution
		{96CF30AD-B697-D502-E36A-E23FC028765E}.Debug|Any CPU.ActiveCfg = Debug|Any CPU
		{96CF30AD-B697-D502-E36A-E23FC028765E}.Debug|Any CPU.Build.0 = Debug|Any CPU
		{96CF30AD-B697-D502-E36A-E23FC028765E}.Release|Any CPU.ActiveCfg = Release|Any CPU
		{96CF30AD-B697-D502-E36A-E23FC028765E}.Release|Any CPU.Build.0 = Release|Any CPU
	EndGlobalSection
	GlobalSection(SolutionProperties) = preSolution
		HideSolutionNode = FALSE
	EndGlobalSection
	GlobalSection(MonoDevelopProperties) = preSolution
		StartupItem = Assembly-CSharp.csproj
	EndGlobalSection
EndGlobal
